
Microsoft Visual Studio Solution File, Format Version 12.00
# Visual Studio 15
VisualStudioVersion = 15.0.28307.329
MinimumVisualStudioVersion = 10.0.40219.1
Project("{FAE04EC0-301F-11D3-BF4B-00C04F79EFBC}") = "RolePlayGame 2.0", "RolePlayGame 2.0\RolePlayGame 2.0.csproj", "{760CAC04-F1FB-4043-9A5C-56CCEB6EDD22}"
EndProject
Global
	GlobalSection(SolutionConfigurationPlatforms) = preSolution
		Debug|Any CPU = Debug|Any CPU
		Release|Any CPU = Release|Any CPU
	EndGlobalSection
	GlobalSection(ProjectConfigurationPlatforms) = postSolution
		{760CAC04-F1FB-4043-9A5C-56CCEB6EDD22}.Debug|Any CPU.ActiveCfg = Debug|Any CPU
		{760CAC04-F1FB-4043-9A5C-56CCEB6EDD22}.Debug|Any CPU.Build.0 = Debug|Any CPU
		{760CAC04-F1FB-4043-9A5C-56CCEB6EDD22}.Release|Any CPU.ActiveCfg = Release|Any CPU
		{760CAC04-F1FB-4043-9A5C-56CCEB6EDD22}.Release|Any CPU.Build.0 = Release|Any CPU
	EndGlobalSection
	GlobalSection(SolutionProperties) = preSolution
		HideSolutionNode = FALSE
	EndGlobalSection
	GlobalSection(ExtensibilityGlobals) = postSolution
		SolutionGuid = {B7F2ECEA-468E-4174-A6C0-65674BED0085}
	EndGlobalSection
EndGlobal
